// !$*UTF8*$!
{
	archiveVersion = 1;
	classes = {
	};
	objectVersion = 50;
	objects = {

/* Begin PBXBuildFile section */
		182A397F28DB4C12009F0C8B /* AppDelegate.swift in Sources */ = {isa = PBXBuildFile; fileRef = 182A397E28DB4C12009F0C8B /* AppDelegate.swift */; };
		182A398128DB4C12009F0C8B /* SceneDelegate.swift in Sources */ = {isa = PBXBuildFile; fileRef = 182A398028DB4C12009F0C8B /* SceneDelegate.swift */; };
		182A398328DB4C12009F0C8B /* ViewController.swift in Sources */ = {isa = PBXBuildFile; fileRef = 182A398228DB4C12009F0C8B /* ViewController.swift */; };
		182A398628DB4C12009F0C8B /* Main.storyboard in Resources */ = {isa = PBXBuildFile; fileRef = 182A398428DB4C12009F0C8B /* Main.storyboard */; };
		182A398828DB4C16009F0C8B /* Assets.xcassets in Resources */ = {isa = PBXBuildFile; fileRef = 182A398728DB4C16009F0C8B /* Assets.xcassets */; };
		182A398B28DB4C16009F0C8B /* LaunchScreen.storyboard in Resources */ = {isa = PBXBuildFile; fileRef = 182A398928DB4C16009F0C8B /* LaunchScreen.storyboard */; };
		184E051728DF193600C6CADF /* App+Extension.swift in Sources */ = {isa = PBXBuildFile; fileRef = 184E051628DF193600C6CADF /* App+Extension.swift */; };
		18C7A82C28DC71C300E35AD9 /* formViewController.swift in Sources */ = {isa = PBXBuildFile; fileRef = 18C7A82B28DC71C300E35AD9 /* formViewController.swift */; };
/* End PBXBuildFile section */

/* Begin PBXFileReference section */
		182A397B28DB4C12009F0C8B /* QR Generator.app */ = {isa = PBXFileReference; explicitFileType = wrapper.application; includeInIndex = 0; path = "QR Generator.app"; sourceTree = BUILT_PRODUCTS_DIR; };
		182A397E28DB4C12009F0C8B /* AppDelegate.swift */ = {isa = PBXFileReference; lastKnownFileType = sourcecode.swift; path = AppDelegate.swift; sourceTree = "<group>"; };
		182A398028DB4C12009F0C8B /* SceneDelegate.swift */ = {isa = PBXFileReference; lastKnownFileType = sourcecode.swift; path = SceneDelegate.swift; sourceTree = "<group>"; };
		182A398228DB4C12009F0C8B /* ViewController.swift */ = {isa = PBXFileReference; lastKnownFileType = sourcecode.swift; path = ViewController.swift; sourceTree = "<group>"; };
		182A398528DB4C12009F0C8B /* Base */ = {isa = PBXFileReference; lastKnownFileType = file.storyboard; name = Base; path = Base.lproj/Main.storyboard; sourceTree = "<group>"; };
		182A398728DB4C16009F0C8B /* Assets.xcassets */ = {isa = PBXFileReference; lastKnownFileType = folder.assetcatalog; path = Assets.xcassets; sourceTree = "<group>"; };
		182A398A28DB4C16009F0C8B /* Base */ = {isa = PBXFileReference; lastKnownFileType = file.storyboard; name = Base; path = Base.lproj/LaunchScreen.storyboard; sourceTree = "<group>"; };
		182A398C28DB4C16009F0C8B /* Info.plist */ = {isa = PBXFileReference; lastKnownFileType = text.plist.xml; path = Info.plist; sourceTree = "<group>"; };
		184E051628DF193600C6CADF /* App+Extension.swift */ = {isa = PBXFileReference; lastKnownFileType = sourcecode.swift; path = "App+Extension.swift"; sourceTree = "<group>"; };
		18C7A82B28DC71C300E35AD9 /* formViewController.swift */ = {isa = PBXFileReference; lastKnownFileType = sourcecode.swift; path = formViewController.swift; sourceTree = "<group>"; };
/* End PBXFileReference section */

/* Begin PBXFrameworksBuildPhase section */
		182A397828DB4C12009F0C8B /* Frameworks */ = {
			isa = PBXFrameworksBuildPhase;
			buildActionMask = 2147483647;
			files = (
			);
			runOnlyForDeploymentPostprocessing = 0;
		};
/* End PBXFrameworksBuildPhase section */

/* Begin PBXGroup section */
		182A397228DB4C12009F0C8B = {
			isa = PBXGroup;
			children = (
				182A397D28DB4C12009F0C8B /* QR Generator */,
				182A397C28DB4C12009F0C8B /* Products */,
			);
			sourceTree = "<group>";
		};
		182A397C28DB4C12009F0C8B /* Products */ = {
			isa = PBXGroup;
			children = (
				182A397B28DB4C12009F0C8B /* QR Generator.app */,
			);
			name = Products;
			sourceTree = "<group>";
		};
		182A397D28DB4C12009F0C8B /* QR Generator */ = {
			isa = PBXGroup;
			children = (
				182A397E28DB4C12009F0C8B /* AppDelegate.swift */,
				182A398028DB4C12009F0C8B /* SceneDelegate.swift */,
				182A398228DB4C12009F0C8B /* ViewController.swift */,
				182A398428DB4C12009F0C8B /* Main.storyboard */,
				182A398728DB4C16009F0C8B /* Assets.xcassets */,
				182A398928DB4C16009F0C8B /* LaunchScreen.storyboard */,
				182A398C28DB4C16009F0C8B /* Info.plist */,
				18C7A82B28DC71C300E35AD9 /* formViewController.swift */,
				184E051628DF193600C6CADF /* App+Extension.swift */,
			);
			path = "QR Generator";
			sourceTree = "<group>";
		};
/* End PBXGroup section */

/* Begin PBXNativeTarget section */
		182A397A28DB4C12009F0C8B /* QR Generator */ = {
			isa = PBXNativeTarget;
			buildConfigurationList = 182A398F28DB4C16009F0C8B /* Build configuration list for PBXNativeTarget "QR Generator" */;
			buildPhases = (
				182A397728DB4C12009F0C8B /* Sources */,
				182A397828DB4C12009F0C8B /* Frameworks */,
				182A397928DB4C12009F0C8B /* Resources */,
			);
			buildRules = (
			);
			dependencies = (
			);
			name = "QR Generator";
			productName = "QR Generator";
			productReference = 182A397B28DB4C12009F0C8B /* QR Generator.app */;
			productType = "com.apple.product-type.application";
		};
/* End PBXNativeTarget section */

/* Begin PBXProject section */
		182A397328DB4C12009F0C8B /* Project object */ = {
			isa = PBXProject;
			attributes = {
				LastSwiftUpdateCheck = 1240;
				LastUpgradeCheck = 1240;
				TargetAttributes = {
					182A397A28DB4C12009F0C8B = {
						CreatedOnToolsVersion = 12.4;
					};
				};
			};
			buildConfigurationList = 182A397628DB4C12009F0C8B /* Build configuration list for PBXProject "QR Generator" */;
			compatibilityVersion = "Xcode 9.3";
			developmentRegion = en;
			hasScannedForEncodings = 0;
			knownRegions = (
				en,
				Base,
			);
			mainGroup = 182A397228DB4C12009F0C8B;
			productRefGroup = 182A397C28DB4C12009F0C8B /* Products */;
			projectDirPath = "";
			projectRoot = "";
			targets = (
				182A397A28DB4C12009F0C8B /* QR Generator */,
			);
		};
/* End PBXProject section */

/* Begin PBXResourcesBuildPhase section */
		182A397928DB4C12009F0C8B /* Resources */ = {
			isa = PBXResourcesBuildPhase;
			buildActionMask = 2147483647;
			files = (
				182A398B28DB4C16009F0C8B /* LaunchScreen.storyboard in Resources */,
				182A398828DB4C16009F0C8B /* Assets.xcassets in Resources */,
				182A398628DB4C12009F0C8B /* Main.storyboard in Resources */,
			);
			runOnlyForDeploymentPostprocessing = 0;
		};
/* End PBXResourcesBuildPhase section */

/* Begin PBXSourcesBuildPhase section */
		182A397728DB4C12009F0C8B /* Sources */ = {
			isa = PBXSourcesBuildPhase;
			buildActionMask = 2147483647;
			files = (
				182A398328DB4C12009F0C8B /* ViewController.swift in Sources */,
				182A397F28DB4C12009F0C8B /* AppDelegate.swift in Sources */,
				18C7A82C28DC71C300E35AD9 /* formViewController.swift in Sources */,
				184E051728DF193600C6CADF /* App+Extension.swift in Sources */,
				182A398128DB4C12009F0C8B /* SceneDelegate.swift in Sources */,
			);
			runOnlyForDeploymentPostprocessing = 0;
		};
/* End PBXSourcesBuildPhase section */

/* Begin PBXVariantGroup section */
		182A398428DB4C12009F0C8B /* Main.storyboard */ = {
			isa = PBXVariantGroup;
			children = (
				182A398528DB4C12009F0C8B /* Base */,
			);
			name = Main.storyboard;
			sourceTree = "<group>";
		};
		182A398928DB4C16009F0C8B /* LaunchScreen.storyboard */ = {
			isa = PBXVariantGroup;
			children = (
				182A398A28DB4C16009F0C8B /* Base */,
			);
			name = LaunchScreen.storyboard;
			sourceTree = "<group>";
		};
/* End PBXVariantGroup section */

/* Begin XCBuildConfiguration section */
		182A398D28DB4C16009F0C8B /* Debug */ = {
			isa = XCBuildConfiguration;
			buildSettings = {
				ALWAYS_SEARCH_USER_PATHS = NO;
				CLANG_ANALYZER_NONNULL = YES;
				CLANG_ANALYZER_NUMBER_OBJECT_CONVERSION = YES_AGGRESSIVE;
				CLANG_CXX_LANGUAGE_STANDARD = "gnu++14";
				CLANG_CXX_LIBRARY = "libc++";
				CLANG_ENABLE_MODULES = YES;
				CLANG_ENABLE_OBJC_ARC = YES;
				CLANG_ENABLE_OBJC_WEAK = YES;
				CLANG_WARN_BLOCK_CAPTURE_AUTORELEASING = YES;
				CLANG_WARN_BOOL_CONVERSION = YES;
				CLANG_WARN_COMMA = YES;
				CLANG_WARN_CONSTANT_CONVERSION = YES;
				CLANG_WARN_DEPRECATED_OBJC_IMPLEMENTATIONS = YES;
				CLANG_WARN_DIRECT_OBJC_ISA_USAGE = YES_ERROR;
				CLANG_WARN_DOCUMENTATION_COMMENTS = YES;
				CLANG_WARN_EMPTY_BODY = YES;
				CLANG_WARN_ENUM_CONVERSION = YES;
				CLANG_WARN_INFINITE_RECURSION = YES;
				CLANG_WARN_INT_CONVERSION = YES;
				CLANG_WARN_NON_LITERAL_NULL_CONVERSION = YES;
				CLANG_WARN_OBJC_IMPLICIT_RETAIN_SELF = YES;
				CLANG_WARN_OBJC_LITERAL_CONVERSION = YES;
				CLANG_WARN_OBJC_ROOT_CLASS = YES_ERROR;
				CLANG_WARN_QUOTED_INCLUDE_IN_FRAMEWORK_HEADER = YES;
				CLANG_WARN_RANGE_LOOP_ANALYSIS = YES;
				CLANG_WARN_STRICT_PROTOTYPES = YES;
				CLANG_WARN_SUSPICIOUS_MOVE = YES;
				CLANG_WARN_UNGUARDED_AVAILABILITY = YES_AGGRESSIVE;
				CLANG_WARN_UNREACHABLE_CODE = YES;
				CLANG_WARN__DUPLICATE_METHOD_MATCH = YES;
				COPY_PHASE_STRIP = NO;
				DEBUG_INFORMATION_FORMAT = dwarf;
				ENABLE_STRICT_OBJC_MSGSEND = YES;
				ENABLE_TESTABILITY = YES;
				GCC_C_LANGUAGE_STANDARD = gnu11;
				GCC_DYNAMIC_NO_PIC = NO;
				GCC_NO_COMMON_BLOCKS = YES;
				GCC_OPTIMIZATION_LEVEL = 0;
				GCC_PREPROCESSOR_DEFINITIONS = (
					"DEBUG=1",
					"$(inherited)",
				);
				GCC_WARN_64_TO_32_BIT_CONVERSION = YES;
				GCC_WARN_ABOUT_RETURN_TYPE = YES_ERROR;
				GCC_WARN_UNDECLARED_SELECTOR = YES;
				GCC_WARN_UNINITIALIZED_AUTOS = YES_AGGRESSIVE;
				GCC_WARN_UNUSED_FUNCTION = YES;
				GCC_WARN_UNUSED_VARIABLE = YES;
				IPHONEOS_DEPLOYMENT_TARGET = 14.4;
				MTL_ENABLE_DEBUG_INFO = INCLUDE_SOURCE;
				MTL_FAST_MATH = YES;
				ONLY_ACTIVE_ARCH = YES;
				SDKROOT = iphoneos;
				SWIFT_ACTIVE_COMPILATION_CONDITIONS = DEBUG;
				SWIFT_OPTIMIZATION_LEVEL = "-Onone";
			};
			name = Debug;
		};
		182A398E28DB4C16009F0C8B /* Release */ = {
			isa = XCBuildConfiguration;
			buildSettings = {
				ALWAYS_SEARCH_USER_PATHS = NO;
				CLANG_ANALYZER_NONNULL = YES;
				CLANG_ANALYZER_NUMBER_OBJECT_CONVERSION = YES_AGGRESSIVE;
				CLANG_CXX_LANGUAGE_STANDARD = "gnu++14";
				CLANG_CXX_LIBRARY = "libc++";
				CLANG_ENABLE_MODULES = YES;
				CLANG_ENABLE_OBJC_ARC = YES;
				CLANG_ENABLE_OBJC_WEAK = YES;
				CLANG_WARN_BLOCK_CAPTURE_AUTORELEASING = YES;
				CLANG_WARN_BOOL_CONVERSION = YES;
				CLANG_WARN_COMMA = YES;
				CLANG_WARN_CONSTANT_CONVERSION = YES;
				CLANG_WARN_DEPRECATED_OBJC_IMPLEMENTATIONS = YES;
				CLANG_WARN_DIRECT_OBJC_ISA_USAGE = YES_ERROR;
				CLANG_WARN_DOCUMENTATION_COMMENTS = YES;
				CLANG_WARN_EMPTY_BODY = YES;
				CLANG_WARN_ENUM_CONVERSION = YES;
				CLANG_WARN_INFINITE_RECURSION = YES;
				CLANG_WARN_INT_CONVERSION = YES;
				CLANG_WARN_NON_LITERAL_NULL_CONVERSION = YES;
				CLANG_WARN_OBJC_IMPLICIT_RETAIN_SELF = YES;
				CLANG_WARN_OBJC_LITERAL_CONVERSION = YES;
				CLANG_WARN_OBJC_ROOT_CLASS = YES_ERROR;
				CLANG_WARN_QUOTED_INCLUDE_IN_FRAMEWORK_HEADER = YES;
				CLANG_WARN_RANGE_LOOP_ANALYSIS = YES;
				CLANG_WARN_STRICT_PROTOTYPES = YES;
				CLANG_WARN_SUSPICIOUS_MOVE = YES;
				CLANG_WARN_UNGUARDED_AVAILABILITY = YES_AGGRESSIVE;
				CLANG_WARN_UNREACHABLE_CODE = YES;
				CLANG_WARN__DUPLICATE_METHOD_MATCH = YES;
				COPY_PHASE_STRIP = NO;
				DEBUG_INFORMATION_FORMAT = "dwarf-with-dsym";
				ENABLE_NS_ASSERTIONS = NO;
				ENABLE_STRICT_OBJC_MSGSEND = YES;
				GCC_C_LANGUAGE_STANDARD = gnu11;
				GCC_NO_COMMON_BLOCKS = YES;
				GCC_WARN_64_TO_32_BIT_CONVERSION = YES;
				GCC_WARN_ABOUT_RETURN_TYPE = YES_ERROR;
				GCC_WARN_UNDECLARED_SELECTOR = YES;
				GCC_WARN_UNINITIALIZED_AUTOS = YES_AGGRESSIVE;
				GCC_WARN_UNUSED_FUNCTION = YES;
				GCC_WARN_UNUSED_VARIABLE = YES;
				IPHONEOS_DEPLOYMENT_TARGET = 14.4;
				MTL_ENABLE_DEBUG_INFO = NO;
				MTL_FAST_MATH = YES;
				SDKROOT = iphoneos;
				SWIFT_COMPILATION_MODE = wholemodule;
				SWIFT_OPTIMIZATION_LEVEL = "-O";
				VALIDATE_PRODUCT = YES;
			};
			name = Release;
		};
		182A399028DB4C16009F0C8B /* Debug */ = {
			isa = XCBuildConfiguration;
			buildSettings = {
				ASSETCATALOG_COMPILER_APPICON_NAME = AppIcon;
				ASSETCATALOG_COMPILER_GLOBAL_ACCENT_COLOR_NAME = AccentColor;
				CODE_SIGN_STYLE = Automatic;
				DEVELOPMENT_TEAM = 5C78XHM8JG;
				INFOPLIST_FILE = "QR Generator/Info.plist";
				LD_RUNPATH_SEARCH_PATHS = (
					"$(inherited)",
					"@executable_path/Frameworks",
				);
				PRODUCT_BUNDLE_IDENTIFIER = "com.swa.QR-Generator";
				PRODUCT_NAME = "$(TARGET_NAME)";
				SWIFT_VERSION = 5.0;
				TARGETED_DEVICE_FAMILY = "1,2";
			};
			name = Debug;
		};
		182A399128DB4C16009F0C8B /* Release */ = {
			isa = XCBuildConfiguration;
			buildSettings = {
				ASSETCATALOG_COMPILER_APPICON_NAME = AppIcon;
				ASSETCATALOG_COMPILER_GLOBAL_ACCENT_COLOR_NAME = AccentColor;
				CODE_SIGN_STYLE = Automatic;
				DEVELOPMENT_TEAM = 5C78XHM8JG;
				INFOPLIST_FILE = "QR Generator/Info.plist";
				LD_RUNPATH_SEARCH_PATHS = (
					"$(inherited)",
					"@executable_path/Frameworks",
				);
				PRODUCT_BUNDLE_IDENTIFIER = "com.swa.QR-Generator";
				PRODUCT_NAME = "$(TARGET_NAME)";
				SWIFT_VERSION = 5.0;
				TARGETED_DEVICE_FAMILY = "1,2";
			};
			name = Release;
		};
/* End XCBuildConfiguration section */

/* Begin XCConfigurationList section */
		182A397628DB4C12009F0C8B /* Build configuration list for PBXProject "QR Generator" */ = {
			isa = XCConfigurationList;
			buildConfigurations = (
				182A398D28DB4C16009F0C8B /* Debug */,
				182A398E28DB4C16009F0C8B /* Release */,
			);
			defaultConfigurationIsVisible = 0;
			defaultConfigurationName = Release;
		};
		182A398F28DB4C16009F0C8B /* Build configuration list for PBXNativeTarget "QR Generator" */ = {
			isa = XCConfigurationList;
			buildConfigurations = (
				182A399028DB4C16009F0C8B /* Debug */,
				182A399128DB4C16009F0C8B /* Release */,
			);
			defaultConfigurationIsVisible = 0;
			defaultConfigurationName = Release;
		};
/* End XCConfigurationList section */
	};
	rootObject = 182A397328DB4C12009F0C8B /* Project object */;
}
